// !$*UTF8*$!
{
	archiveVersion = 1;
	classes = {
	};
	objectVersion = 77;
	objects = {

/* Begin PBXBuildFile section */
		0B3EF1DDD51F5EE90D14967E /* FirestoreService.swift in Sources */ = {isa = PBXBuildFile; fileRef = 04A997F3FA7DE5FCBB644FF9 /* FirestoreService.swift */; };
		10EFCA0EA0DA8BD75B770856 /* PortBadgesView.swift in Sources */ = {isa = PBXBuildFile; fileRef = A9689A429A7E834C772D0DA3 /* PortBadgesView.swift */; };
		16F1F4EE34E66359A42C3727 /* PortScanner.swift in Sources */ = {isa = PBXBuildFile; fileRef = 6ECE45AED5884C520FCA3D44 /* PortScanner.swift */; };
		1884B72144DABB1898B0A061 /* Project.swift in Sources */ = {isa = PBXBuildFile; fileRef = CBFF35452EB1FF0E82E43703 /* Project.swift */; };
		329A409381363A30CB092B9F /* PM2Scanner.swift in Sources */ = {isa = PBXBuildFile; fileRef = 771528DE6EF02E61AB77DB6E /* PM2Scanner.swift */; };
		347E195E236CBFA59BF5FE9A /* ProcessBadgesView.swift in Sources */ = {isa = PBXBuildFile; fileRef = BA74222A5B8A4B1BE402E241 /* ProcessBadgesView.swift */; };
		3C63C8C737D21AC1BBE4AA48 /* ProjectDetailSheet.swift in Sources */ = {isa = PBXBuildFile; fileRef = 44C66F6DBB759D46C741ED40 /* ProjectDetailSheet.swift */; };
		4977B4E64E20ED8D1F82ECA7 /* FirebaseDetector.swift in Sources */ = {isa = PBXBuildFile; fileRef = 17EC6FB394E3EFE263122DCB /* FirebaseDetector.swift */; };
		4AFABA36EF437847C1654657 /* AppState.swift in Sources */ = {isa = PBXBuildFile; fileRef = E82633346B6BC0F5A173D725 /* AppState.swift */; };
		4F89FBF4D5D83DE53C5B23A9 /* PortIOApp.swift in Sources */ = {isa = PBXBuildFile; fileRef = 5CF78A7F14CF9D3F1B886B6F /* PortIOApp.swift */; };
		5CA7CFF31F309451D9BCFAF5 /* ManagedProcess.swift in Sources */ = {isa = PBXBuildFile; fileRef = 5BB86C771D32C818F04DFC0D /* ManagedProcess.swift */; };
		645FCCE7C2723334737400E2 /* Assets.xcassets in Resources */ = {isa = PBXBuildFile; fileRef = 77B409F0F526948D5F2B6128 /* Assets.xcassets */; };
		6853B7914929E92F01CE04F2 /* URLOpener.swift in Sources */ = {isa = PBXBuildFile; fileRef = F81FD8EF4CB143E1EB819D20 /* URLOpener.swift */; };
		6DE0AF260FA94F39F36CB386 /* VSCodeTaskParser.swift in Sources */ = {isa = PBXBuildFile; fileRef = 7C0E7135830CB8AB4B5D3262 /* VSCodeTaskParser.swift */; };
		6DF05427EF362203AC88A25C /* QuickActionsView.swift in Sources */ = {isa = PBXBuildFile; fileRef = 75750E26881263F49BB5625B /* QuickActionsView.swift */; };
		72124E5559C2294CF3A7E58C /* PM2Process.swift in Sources */ = {isa = PBXBuildFile; fileRef = 191D5C30BE5143FF7DC880FD /* PM2Process.swift */; };
		796877D2653F1181DE694622 /* FirebaseFirestore in Frameworks */ = {isa = PBXBuildFile; productRef = 0D1FF7FA3E842EBA7A8A0440 /* FirebaseFirestore */; };
		83CFA849871653617336D0AC /* ShellExecutor.swift in Sources */ = {isa = PBXBuildFile; fileRef = 68622058AC3330780ABFD613 /* ShellExecutor.swift */; };
		885AF77427FFE1BD67EE0C76 /* FirebaseConsoleLinks.swift in Sources */ = {isa = PBXBuildFile; fileRef = 617DB6B5605F2E70C8E66A49 /* FirebaseConsoleLinks.swift */; };
		9464EFA65484C8744CA808E8 /* MainWindowView.swift in Sources */ = {isa = PBXBuildFile; fileRef = 1BC84CBCE1E1735EA5AB5EBE /* MainWindowView.swift */; };
		9840B47A5F8B219BE6CFE87E /* Service.swift in Sources */ = {isa = PBXBuildFile; fileRef = DFA02D6EF76F5909E995508F /* Service.swift */; };
		A0F7B15BCBBF4F91C188FCD9 /* WindowManager.swift in Sources */ = {isa = PBXBuildFile; fileRef = 4FE8FFF9F5C53B63A343C8C7 /* WindowManager.swift */; };
		A5917AA1DF6DC40EB7A4A9BA /* GoogleService-Info.plist in Resources */ = {isa = PBXBuildFile; fileRef = 2038996FC02505688C594354 /* GoogleService-Info.plist */; };
		B53DE844F1F2EF0062EA8F6E /* PortStatus.swift in Sources */ = {isa = PBXBuildFile; fileRef = 3450B311268A2E4D1845AFEC /* PortStatus.swift */; };
		B9D81D68094673D1E7BE1E6B /* StopButtonView.swift in Sources */ = {isa = PBXBuildFile; fileRef = 135652C4B958AA1458F9EE41 /* StopButtonView.swift */; };
		C3C884B8BB5067234CF0FBCB /* TaskPickerView.swift in Sources */ = {isa = PBXBuildFile; fileRef = 1455F9424B4C68E2085DE38E /* TaskPickerView.swift */; };
		CB7B01CE63E34441C93E789D /* GitStatusView.swift in Sources */ = {isa = PBXBuildFile; fileRef = EB53A815DD2248DD2F97B83C /* GitStatusView.swift */; };
		D6390840460EB7335CF18601 /* ProjectScanner.swift in Sources */ = {isa = PBXBuildFile; fileRef = 368CCD5097C462CD35EC4B8A /* ProjectScanner.swift */; };
		DA86FD53F237B092A1D7577C /* GitInfo.swift in Sources */ = {isa = PBXBuildFile; fileRef = 54526FD92BF42832922405B5 /* GitInfo.swift */; };
		DE48F60950FB3F85304EF8D3 /* FirebaseInfo.swift in Sources */ = {isa = PBXBuildFile; fileRef = 5F8E2A1F54AF5BA11CBA81BA /* FirebaseInfo.swift */; };
		E1AB83D243EAC6BBD388863F /* ProjectIconView.swift in Sources */ = {isa = PBXBuildFile; fileRef = 855E803D48B60328346C474F /* ProjectIconView.swift */; };
		E8122069CB9E3898B5CD3F55 /* ProjectTableView.swift in Sources */ = {isa = PBXBuildFile; fileRef = DB17463FF4467FB2ADDD1BFF /* ProjectTableView.swift */; };
		EA2F3ECC2B320C6F4E212198 /* ProcessManager.swift in Sources */ = {isa = PBXBuildFile; fileRef = DCB38901DD144B701614518E /* ProcessManager.swift */; };
		F9D37357F8651734DBE03F1D /* VSCodeTask.swift in Sources */ = {isa = PBXBuildFile; fileRef = 96B200990F9244973CEDC6A3 /* VSCodeTask.swift */; };
		FDC2152B19517C0D4408BB98 /* GitService.swift in Sources */ = {isa = PBXBuildFile; fileRef = 8D2A2ED926868ED03560F2B6 /* GitService.swift */; };
		FDEF1C043483233F0CDD8872 /* FirebaseCore in Frameworks */ = {isa = PBXBuildFile; productRef = B17EDC6E8C865ECC26B140E9 /* FirebaseCore */; };
/* End PBXBuildFile section */

/* Begin PBXFileReference section */
		04A997F3FA7DE5FCBB644FF9 /* FirestoreService.swift */ = {isa = PBXFileReference; lastKnownFileType = sourcecode.swift; path = FirestoreService.swift; sourceTree = "<group>"; };
		135652C4B958AA1458F9EE41 /* StopButtonView.swift */ = {isa = PBXFileReference; lastKnownFileType = sourcecode.swift; path = StopButtonView.swift; sourceTree = "<group>"; };
		1455F9424B4C68E2085DE38E /* TaskPickerView.swift */ = {isa = PBXFileReference; lastKnownFileType = sourcecode.swift; path = TaskPickerView.swift; sourceTree = "<group>"; };
		17EC6FB394E3EFE263122DCB /* FirebaseDetector.swift */ = {isa = PBXFileReference; lastKnownFileType = sourcecode.swift; path = FirebaseDetector.swift; sourceTree = "<group>"; };
		191D5C30BE5143FF7DC880FD /* PM2Process.swift */ = {isa = PBXFileReference; lastKnownFileType = sourcecode.swift; path = PM2Process.swift; sourceTree = "<group>"; };
		1BC84CBCE1E1735EA5AB5EBE /* MainWindowView.swift */ = {isa = PBXFileReference; lastKnownFileType = sourcecode.swift; path = MainWindowView.swift; sourceTree = "<group>"; };
		2038996FC02505688C594354 /* GoogleService-Info.plist */ = {isa = PBXFileReference; lastKnownFileType = text.plist; path = "GoogleService-Info.plist"; sourceTree = "<group>"; };
		3450B311268A2E4D1845AFEC /* PortStatus.swift */ = {isa = PBXFileReference; lastKnownFileType = sourcecode.swift; path = PortStatus.swift; sourceTree = "<group>"; };
		368CCD5097C462CD35EC4B8A /* ProjectScanner.swift */ = {isa = PBXFileReference; lastKnownFileType = sourcecode.swift; path = ProjectScanner.swift; sourceTree = "<group>"; };
		44C66F6DBB759D46C741ED40 /* ProjectDetailSheet.swift */ = {isa = PBXFileReference; lastKnownFileType = sourcecode.swift; path = ProjectDetailSheet.swift; sourceTree = "<group>"; };
		4FE8FFF9F5C53B63A343C8C7 /* WindowManager.swift */ = {isa = PBXFileReference; lastKnownFileType = sourcecode.swift; path = WindowManager.swift; sourceTree = "<group>"; };
		54526FD92BF42832922405B5 /* GitInfo.swift */ = {isa = PBXFileReference; lastKnownFileType = sourcecode.swift; path = GitInfo.swift; sourceTree = "<group>"; };
		5BB86C771D32C818F04DFC0D /* ManagedProcess.swift */ = {isa = PBXFileReference; lastKnownFileType = sourcecode.swift; path = ManagedProcess.swift; sourceTree = "<group>"; };
		5CF78A7F14CF9D3F1B886B6F /* PortIOApp.swift */ = {isa = PBXFileReference; lastKnownFileType = sourcecode.swift; path = PortIOApp.swift; sourceTree = "<group>"; };
		5F8E2A1F54AF5BA11CBA81BA /* FirebaseInfo.swift */ = {isa = PBXFileReference; lastKnownFileType = sourcecode.swift; path = FirebaseInfo.swift; sourceTree = "<group>"; };
		617DB6B5605F2E70C8E66A49 /* FirebaseConsoleLinks.swift */ = {isa = PBXFileReference; lastKnownFileType = sourcecode.swift; path = FirebaseConsoleLinks.swift; sourceTree = "<group>"; };
		68622058AC3330780ABFD613 /* ShellExecutor.swift */ = {isa = PBXFileReference; lastKnownFileType = sourcecode.swift; path = ShellExecutor.swift; sourceTree = "<group>"; };
		6909E9701AAFD4935CB156D3 /* Info.plist */ = {isa = PBXFileReference; lastKnownFileType = text.plist; path = Info.plist; sourceTree = "<group>"; };
		6ECE45AED5884C520FCA3D44 /* PortScanner.swift */ = {isa = PBXFileReference; lastKnownFileType = sourcecode.swift; path = PortScanner.swift; sourceTree = "<group>"; };
		75750E26881263F49BB5625B /* QuickActionsView.swift */ = {isa = PBXFileReference; lastKnownFileType = sourcecode.swift; path = QuickActionsView.swift; sourceTree = "<group>"; };
		771528DE6EF02E61AB77DB6E /* PM2Scanner.swift */ = {isa = PBXFileReference; lastKnownFileType = sourcecode.swift; path = PM2Scanner.swift; sourceTree = "<group>"; };
		77B409F0F526948D5F2B6128 /* Assets.xcassets */ = {isa = PBXFileReference; lastKnownFileType = folder.assetcatalog; path = Assets.xcassets; sourceTree = "<group>"; };
		7C0E7135830CB8AB4B5D3262 /* VSCodeTaskParser.swift */ = {isa = PBXFileReference; lastKnownFileType = sourcecode.swift; path = VSCodeTaskParser.swift; sourceTree = "<group>"; };
		855E803D48B60328346C474F /* ProjectIconView.swift */ = {isa = PBXFileReference; lastKnownFileType = sourcecode.swift; path = ProjectIconView.swift; sourceTree = "<group>"; };
		8D2A2ED926868ED03560F2B6 /* GitService.swift */ = {isa = PBXFileReference; lastKnownFileType = sourcecode.swift; path = GitService.swift; sourceTree = "<group>"; };
		96B200990F9244973CEDC6A3 /* VSCodeTask.swift */ = {isa = PBXFileReference; lastKnownFileType = sourcecode.swift; path = VSCodeTask.swift; sourceTree = "<group>"; };
		9B0E24C6BD6715F8B03111E7 /* PortIO.app */ = {isa = PBXFileReference; explicitFileType = wrapper.application; includeInIndex = 0; path = PortIO.app; sourceTree = BUILT_PRODUCTS_DIR; };
		A619084B1E2BFCD38759E912 /* PortIO.entitlements */ = {isa = PBXFileReference; lastKnownFileType = text.plist.entitlements; path = PortIO.entitlements; sourceTree = "<group>"; };
		A9689A429A7E834C772D0DA3 /* PortBadgesView.swift */ = {isa = PBXFileReference; lastKnownFileType = sourcecode.swift; path = PortBadgesView.swift; sourceTree = "<group>"; };
		BA74222A5B8A4B1BE402E241 /* ProcessBadgesView.swift */ = {isa = PBXFileReference; lastKnownFileType = sourcecode.swift; path = ProcessBadgesView.swift; sourceTree = "<group>"; };
		CBFF35452EB1FF0E82E43703 /* Project.swift */ = {isa = PBXFileReference; lastKnownFileType = sourcecode.swift; path = Project.swift; sourceTree = "<group>"; };
		DB17463FF4467FB2ADDD1BFF /* ProjectTableView.swift */ = {isa = PBXFileReference; lastKnownFileType = sourcecode.swift; path = ProjectTableView.swift; sourceTree = "<group>"; };
		DCB38901DD144B701614518E /* ProcessManager.swift */ = {isa = PBXFileReference; lastKnownFileType = sourcecode.swift; path = ProcessManager.swift; sourceTree = "<group>"; };
		DFA02D6EF76F5909E995508F /* Service.swift */ = {isa = PBXFileReference; lastKnownFileType = sourcecode.swift; path = Service.swift; sourceTree = "<group>"; };
		E82633346B6BC0F5A173D725 /* AppState.swift */ = {isa = PBXFileReference; lastKnownFileType = sourcecode.swift; path = AppState.swift; sourceTree = "<group>"; };
		EB53A815DD2248DD2F97B83C /* GitStatusView.swift */ = {isa = PBXFileReference; lastKnownFileType = sourcecode.swift; path = GitStatusView.swift; sourceTree = "<group>"; };
		F81FD8EF4CB143E1EB819D20 /* URLOpener.swift */ = {isa = PBXFileReference; lastKnownFileType = sourcecode.swift; path = URLOpener.swift; sourceTree = "<group>"; };
/* End PBXFileReference section */

/* Begin PBXFrameworksBuildPhase section */
		99D0CC152167E1B710EC75FB /* Frameworks */ = {
			isa = PBXFrameworksBuildPhase;
			buildActionMask = 2147483647;
			files = (
				FDEF1C043483233F0CDD8872 /* FirebaseCore in Frameworks */,
				796877D2653F1181DE694622 /* FirebaseFirestore in Frameworks */,
			);
			runOnlyForDeploymentPostprocessing = 0;
		};
/* End PBXFrameworksBuildPhase section */

/* Begin PBXGroup section */
		1490711918D2DC4C957B6A42 /* Resources */ = {
			isa = PBXGroup;
			children = (
				77B409F0F526948D5F2B6128 /* Assets.xcassets */,
				2038996FC02505688C594354 /* GoogleService-Info.plist */,
			);
			path = Resources;
			sourceTree = "<group>";
		};
		1EC1AF0564636D5F8BC0C5FE /* Services */ = {
			isa = PBXGroup;
			children = (
				617DB6B5605F2E70C8E66A49 /* FirebaseConsoleLinks.swift */,
				17EC6FB394E3EFE263122DCB /* FirebaseDetector.swift */,
				04A997F3FA7DE5FCBB644FF9 /* FirestoreService.swift */,
				8D2A2ED926868ED03560F2B6 /* GitService.swift */,
				771528DE6EF02E61AB77DB6E /* PM2Scanner.swift */,
				6ECE45AED5884C520FCA3D44 /* PortScanner.swift */,
				DCB38901DD144B701614518E /* ProcessManager.swift */,
				368CCD5097C462CD35EC4B8A /* ProjectScanner.swift */,
				7C0E7135830CB8AB4B5D3262 /* VSCodeTaskParser.swift */,
			);
			path = Services;
			sourceTree = "<group>";
		};
		22C5BA4E97F4019652DC671C /* Models */ = {
			isa = PBXGroup;
			children = (
				5F8E2A1F54AF5BA11CBA81BA /* FirebaseInfo.swift */,
				54526FD92BF42832922405B5 /* GitInfo.swift */,
				5BB86C771D32C818F04DFC0D /* ManagedProcess.swift */,
				191D5C30BE5143FF7DC880FD /* PM2Process.swift */,
				3450B311268A2E4D1845AFEC /* PortStatus.swift */,
				CBFF35452EB1FF0E82E43703 /* Project.swift */,
				DFA02D6EF76F5909E995508F /* Service.swift */,
				96B200990F9244973CEDC6A3 /* VSCodeTask.swift */,
			);
			path = Models;
			sourceTree = "<group>";
		};
		2412515FE910B7864ED0549D /* Utilities */ = {
			isa = PBXGroup;
			children = (
				68622058AC3330780ABFD613 /* ShellExecutor.swift */,
				F81FD8EF4CB143E1EB819D20 /* URLOpener.swift */,
				4FE8FFF9F5C53B63A343C8C7 /* WindowManager.swift */,
			);
			path = Utilities;
			sourceTree = "<group>";
		};
		40E62DA20D9941D7F6D05740 /* PortIO */ = {
			isa = PBXGroup;
			children = (
				55CA95B10DECC91CB4262CF6 /* App */,
				22C5BA4E97F4019652DC671C /* Models */,
				1490711918D2DC4C957B6A42 /* Resources */,
				1EC1AF0564636D5F8BC0C5FE /* Services */,
				2412515FE910B7864ED0549D /* Utilities */,
				D737E60B5822B0C069B84C5D /* Views */,
				6909E9701AAFD4935CB156D3 /* Info.plist */,
				A619084B1E2BFCD38759E912 /* PortIO.entitlements */,
			);
			path = PortIO;
			sourceTree = "<group>";
		};
		55CA95B10DECC91CB4262CF6 /* App */ = {
			isa = PBXGroup;
			children = (
				E82633346B6BC0F5A173D725 /* AppState.swift */,
				5CF78A7F14CF9D3F1B886B6F /* PortIOApp.swift */,
			);
			path = App;
			sourceTree = "<group>";
		};
		AB2D823E6BA05E1136662991 = {
			isa = PBXGroup;
			children = (
				40E62DA20D9941D7F6D05740 /* PortIO */,
				B9E7C7B6614D80DFF606728A /* Products */,
			);
			sourceTree = "<group>";
		};
		B9E7C7B6614D80DFF606728A /* Products */ = {
			isa = PBXGroup;
			children = (
				9B0E24C6BD6715F8B03111E7 /* PortIO.app */,
			);
			name = Products;
			sourceTree = "<group>";
		};
		D737E60B5822B0C069B84C5D /* Views */ = {
			isa = PBXGroup;
			children = (
				EB53A815DD2248DD2F97B83C /* GitStatusView.swift */,
				1BC84CBCE1E1735EA5AB5EBE /* MainWindowView.swift */,
				A9689A429A7E834C772D0DA3 /* PortBadgesView.swift */,
				BA74222A5B8A4B1BE402E241 /* ProcessBadgesView.swift */,
				44C66F6DBB759D46C741ED40 /* ProjectDetailSheet.swift */,
				855E803D48B60328346C474F /* ProjectIconView.swift */,
				DB17463FF4467FB2ADDD1BFF /* ProjectTableView.swift */,
				75750E26881263F49BB5625B /* QuickActionsView.swift */,
				135652C4B958AA1458F9EE41 /* StopButtonView.swift */,
				1455F9424B4C68E2085DE38E /* TaskPickerView.swift */,
			);
			path = Views;
			sourceTree = "<group>";
		};
/* End PBXGroup section */

/* Begin PBXNativeTarget section */
		F779829C2202F8DA5E1EF31E /* PortIO */ = {
			isa = PBXNativeTarget;
			buildConfigurationList = 0F9B39BEC8D47BE2B4226134 /* Build configuration list for PBXNativeTarget "PortIO" */;
			buildPhases = (
				32F6C9E381EEF3491BF9216B /* Sources */,
				F3C18337C3140AB998564E52 /* Resources */,
				99D0CC152167E1B710EC75FB /* Frameworks */,
			);
			buildRules = (
			);
			dependencies = (
			);
			name = PortIO;
			packageProductDependencies = (
				B17EDC6E8C865ECC26B140E9 /* FirebaseCore */,
				0D1FF7FA3E842EBA7A8A0440 /* FirebaseFirestore */,
			);
			productName = PortIO;
			productReference = 9B0E24C6BD6715F8B03111E7 /* PortIO.app */;
			productType = "com.apple.product-type.application";
		};
/* End PBXNativeTarget section */

/* Begin PBXProject section */
		3C25B166E04969FCFD2933A0 /* Project object */ = {
			isa = PBXProject;
			attributes = {
				BuildIndependentTargetsInParallel = YES;
				LastUpgradeCheck = 1500;
				TargetAttributes = {
					F779829C2202F8DA5E1EF31E = {
						DevelopmentTeam = "";
					};
				};
			};
			buildConfigurationList = 4A287D1CB3F80B1F117C41CC /* Build configuration list for PBXProject "PortIO" */;
			compatibilityVersion = "Xcode 14.0";
			developmentRegion = en;
			hasScannedForEncodings = 0;
			knownRegions = (
				Base,
				en,
			);
			mainGroup = AB2D823E6BA05E1136662991;
			minimizedProjectReferenceProxies = 1;
			packageReferences = (
				67EE191EB53CCCE182AC413F /* XCRemoteSwiftPackageReference "firebase-ios-sdk" */,
			);
			preferredProjectObjectVersion = 77;
			projectDirPath = "";
			projectRoot = "";
			targets = (
				F779829C2202F8DA5E1EF31E /* PortIO */,
			);
		};
/* End PBXProject section */

/* Begin PBXResourcesBuildPhase section */
		F3C18337C3140AB998564E52 /* Resources */ = {
			isa = PBXResourcesBuildPhase;
			buildActionMask = 2147483647;
			files = (
				645FCCE7C2723334737400E2 /* Assets.xcassets in Resources */,
				A5917AA1DF6DC40EB7A4A9BA /* GoogleService-Info.plist in Resources */,
			);
			runOnlyForDeploymentPostprocessing = 0;
		};
/* End PBXResourcesBuildPhase section */

/* Begin PBXSourcesBuildPhase section */
		32F6C9E381EEF3491BF9216B /* Sources */ = {
			isa = PBXSourcesBuildPhase;
			buildActionMask = 2147483647;
			files = (
				4AFABA36EF437847C1654657 /* AppState.swift in Sources */,
				885AF77427FFE1BD67EE0C76 /* FirebaseConsoleLinks.swift in Sources */,
				4977B4E64E20ED8D1F82ECA7 /* FirebaseDetector.swift in Sources */,
				DE48F60950FB3F85304EF8D3 /* FirebaseInfo.swift in Sources */,
				0B3EF1DDD51F5EE90D14967E /* FirestoreService.swift in Sources */,
				DA86FD53F237B092A1D7577C /* GitInfo.swift in Sources */,
				FDC2152B19517C0D4408BB98 /* GitService.swift in Sources */,
				CB7B01CE63E34441C93E789D /* GitStatusView.swift in Sources */,
				9464EFA65484C8744CA808E8 /* MainWindowView.swift in Sources */,
				5CA7CFF31F309451D9BCFAF5 /* ManagedProcess.swift in Sources */,
				72124E5559C2294CF3A7E58C /* PM2Process.swift in Sources */,
				329A409381363A30CB092B9F /* PM2Scanner.swift in Sources */,
				10EFCA0EA0DA8BD75B770856 /* PortBadgesView.swift in Sources */,
				4F89FBF4D5D83DE53C5B23A9 /* PortIOApp.swift in Sources */,
				16F1F4EE34E66359A42C3727 /* PortScanner.swift in Sources */,
				B53DE844F1F2EF0062EA8F6E /* PortStatus.swift in Sources */,
				347E195E236CBFA59BF5FE9A /* ProcessBadgesView.swift in Sources */,
				EA2F3ECC2B320C6F4E212198 /* ProcessManager.swift in Sources */,
				1884B72144DABB1898B0A061 /* Project.swift in Sources */,
				3C63C8C737D21AC1BBE4AA48 /* ProjectDetailSheet.swift in Sources */,
				E1AB83D243EAC6BBD388863F /* ProjectIconView.swift in Sources */,
				D6390840460EB7335CF18601 /* ProjectScanner.swift in Sources */,
				E8122069CB9E3898B5CD3F55 /* ProjectTableView.swift in Sources */,
				6DF05427EF362203AC88A25C /* QuickActionsView.swift in Sources */,
				9840B47A5F8B219BE6CFE87E /* Service.swift in Sources */,
				83CFA849871653617336D0AC /* ShellExecutor.swift in Sources */,
				B9D81D68094673D1E7BE1E6B /* StopButtonView.swift in Sources */,
				C3C884B8BB5067234CF0FBCB /* TaskPickerView.swift in Sources */,
				6853B7914929E92F01CE04F2 /* URLOpener.swift in Sources */,
				F9D37357F8651734DBE03F1D /* VSCodeTask.swift in Sources */,
				6DE0AF260FA94F39F36CB386 /* VSCodeTaskParser.swift in Sources */,
				A0F7B15BCBBF4F91C188FCD9 /* WindowManager.swift in Sources */,
			);
			runOnlyForDeploymentPostprocessing = 0;
		};
/* End PBXSourcesBuildPhase section */

/* Begin XCBuildConfiguration section */
		5925CED0502ECECF9B097EBA /* Debug */ = {
			isa = XCBuildConfiguration;
			buildSettings = {
				ASSETCATALOG_COMPILER_APPICON_NAME = AppIcon;
				CODE_SIGN_ENTITLEMENTS = PortIO/PortIO.entitlements;
				COMBINE_HIDPI_IMAGES = YES;
				DEVELOPMENT_TEAM = "";
				ENABLE_HARDENED_RUNTIME = YES;
				INFOPLIST_FILE = PortIO/Info.plist;
				LD_RUNPATH_SEARCH_PATHS = (
					"$(inherited)",
					"@executable_path/../Frameworks",
				);
				MACOSX_DEPLOYMENT_TARGET = 14.0;
				PRODUCT_BUNDLE_IDENTIFIER = "com.local.port-monitor";
				PRODUCT_NAME = "Port Monitor";
				SDKROOT = macosx;
				SWIFT_EMIT_LOC_STRINGS = YES;
			};
			name = Debug;
		};
		78B9CEF6EACA75B88F4D4729 /* Release */ = {
			isa = XCBuildConfiguration;
			buildSettings = {
				ALWAYS_SEARCH_USER_PATHS = NO;
				CLANG_ANALYZER_NONNULL = YES;
				CLANG_ANALYZER_NUMBER_OBJECT_CONVERSION = YES_AGGRESSIVE;
				CLANG_CXX_LANGUAGE_STANDARD = "gnu++14";
				CLANG_CXX_LIBRARY = "libc++";
				CLANG_ENABLE_MODULES = YES;
				CLANG_ENABLE_OBJC_ARC = YES;
				CLANG_ENABLE_OBJC_WEAK = YES;
				CLANG_WARN_BLOCK_CAPTURE_AUTORELEASING = YES;
				CLANG_WARN_BOOL_CONVERSION = YES;
				CLANG_WARN_COMMA = YES;
				CLANG_WARN_CONSTANT_CONVERSION = YES;
				CLANG_WARN_DEPRECATED_OBJC_IMPLEMENTATIONS = YES;
				CLANG_WARN_DIRECT_OBJC_ISA_USAGE = YES_ERROR;
				CLANG_WARN_DOCUMENTATION_COMMENTS = YES;
				CLANG_WARN_EMPTY_BODY = YES;
				CLANG_WARN_ENUM_CONVERSION = YES;
				CLANG_WARN_INFINITE_RECURSION = YES;
				CLANG_WARN_INT_CONVERSION = YES;
				CLANG_WARN_NON_LITERAL_NULL_CONVERSION = YES;
				CLANG_WARN_OBJC_IMPLICIT_RETAIN_SELF = YES;
				CLANG_WARN_OBJC_LITERAL_CONVERSION = YES;
				CLANG_WARN_OBJC_ROOT_CLASS = YES_ERROR;
				CLANG_WARN_QUOTED_INCLUDE_IN_FRAMEWORK_HEADER = YES;
				CLANG_WARN_RANGE_LOOP_ANALYSIS = YES;
				CLANG_WARN_STRICT_PROTOTYPES = YES;
				CLANG_WARN_SUSPICIOUS_MOVE = YES;
				CLANG_WARN_UNGUARDED_AVAILABILITY = YES_AGGRESSIVE;
				CLANG_WARN_UNREACHABLE_CODE = YES;
				CLANG_WARN__DUPLICATE_METHOD_MATCH = YES;
				COPY_PHASE_STRIP = NO;
				DEBUG_INFORMATION_FORMAT = "dwarf-with-dsym";
				ENABLE_NS_ASSERTIONS = NO;
				ENABLE_STRICT_OBJC_MSGSEND = YES;
				GCC_C_LANGUAGE_STANDARD = gnu11;
				GCC_NO_COMMON_BLOCKS = YES;
				GCC_WARN_64_TO_32_BIT_CONVERSION = YES;
				GCC_WARN_ABOUT_RETURN_TYPE = YES_ERROR;
				GCC_WARN_UNDECLARED_SELECTOR = YES;
				GCC_WARN_UNINITIALIZED_AUTOS = YES_AGGRESSIVE;
				GCC_WARN_UNUSED_FUNCTION = YES;
				GCC_WARN_UNUSED_VARIABLE = YES;
				MACOSX_DEPLOYMENT_TARGET = 14.0;
				MTL_ENABLE_DEBUG_INFO = NO;
				MTL_FAST_MATH = YES;
				PRODUCT_NAME = "$(TARGET_NAME)";
				SDKROOT = macosx;
				SWIFT_COMPILATION_MODE = wholemodule;
				SWIFT_OPTIMIZATION_LEVEL = "-O";
				SWIFT_VERSION = 5.0;
			};
			name = Release;
		};
		ACE276744544B4F4108A519B /* Release */ = {
			isa = XCBuildConfiguration;
			buildSettings = {
				ASSETCATALOG_COMPILER_APPICON_NAME = AppIcon;
				CODE_SIGN_ENTITLEMENTS = PortIO/PortIO.entitlements;
				COMBINE_HIDPI_IMAGES = YES;
				DEVELOPMENT_TEAM = "";
				ENABLE_HARDENED_RUNTIME = YES;
				INFOPLIST_FILE = PortIO/Info.plist;
				LD_RUNPATH_SEARCH_PATHS = (
					"$(inherited)",
					"@executable_path/../Frameworks",
				);
				MACOSX_DEPLOYMENT_TARGET = 14.0;
				PRODUCT_BUNDLE_IDENTIFIER = "com.local.port-monitor";
				PRODUCT_NAME = "Port Monitor";
				SDKROOT = macosx;
				SWIFT_EMIT_LOC_STRINGS = YES;
			};
			name = Release;
		};
		D343DD9DAB031833DCA401E5 /* Debug */ = {
			isa = XCBuildConfiguration;
			buildSettings = {
				ALWAYS_SEARCH_USER_PATHS = NO;
				CLANG_ANALYZER_NONNULL = YES;
				CLANG_ANALYZER_NUMBER_OBJECT_CONVERSION = YES_AGGRESSIVE;
				CLANG_CXX_LANGUAGE_STANDARD = "gnu++14";
				CLANG_CXX_LIBRARY = "libc++";
				CLANG_ENABLE_MODULES = YES;
				CLANG_ENABLE_OBJC_ARC = YES;
				CLANG_ENABLE_OBJC_WEAK = YES;
				CLANG_WARN_BLOCK_CAPTURE_AUTORELEASING = YES;
				CLANG_WARN_BOOL_CONVERSION = YES;
				CLANG_WARN_COMMA = YES;
				CLANG_WARN_CONSTANT_CONVERSION = YES;
				CLANG_WARN_DEPRECATED_OBJC_IMPLEMENTATIONS = YES;
				CLANG_WARN_DIRECT_OBJC_ISA_USAGE = YES_ERROR;
				CLANG_WARN_DOCUMENTATION_COMMENTS = YES;
				CLANG_WARN_EMPTY_BODY = YES;
				CLANG_WARN_ENUM_CONVERSION = YES;
				CLANG_WARN_INFINITE_RECURSION = YES;
				CLANG_WARN_INT_CONVERSION = YES;
				CLANG_WARN_NON_LITERAL_NULL_CONVERSION = YES;
				CLANG_WARN_OBJC_IMPLICIT_RETAIN_SELF = YES;
				CLANG_WARN_OBJC_LITERAL_CONVERSION = YES;
				CLANG_WARN_OBJC_ROOT_CLASS = YES_ERROR;
				CLANG_WARN_QUOTED_INCLUDE_IN_FRAMEWORK_HEADER = YES;
				CLANG_WARN_RANGE_LOOP_ANALYSIS = YES;
				CLANG_WARN_STRICT_PROTOTYPES = YES;
				CLANG_WARN_SUSPICIOUS_MOVE = YES;
				CLANG_WARN_UNGUARDED_AVAILABILITY = YES_AGGRESSIVE;
				CLANG_WARN_UNREACHABLE_CODE = YES;
				CLANG_WARN__DUPLICATE_METHOD_MATCH = YES;
				COPY_PHASE_STRIP = NO;
				DEBUG_INFORMATION_FORMAT = dwarf;
				ENABLE_STRICT_OBJC_MSGSEND = YES;
				ENABLE_TESTABILITY = YES;
				GCC_C_LANGUAGE_STANDARD = gnu11;
				GCC_DYNAMIC_NO_PIC = NO;
				GCC_NO_COMMON_BLOCKS = YES;
				GCC_OPTIMIZATION_LEVEL = 0;
				GCC_PREPROCESSOR_DEFINITIONS = (
					"$(inherited)",
					"DEBUG=1",
				);
				GCC_WARN_64_TO_32_BIT_CONVERSION = YES;
				GCC_WARN_ABOUT_RETURN_TYPE = YES_ERROR;
				GCC_WARN_UNDECLARED_SELECTOR = YES;
				GCC_WARN_UNINITIALIZED_AUTOS = YES_AGGRESSIVE;
				GCC_WARN_UNUSED_FUNCTION = YES;
				GCC_WARN_UNUSED_VARIABLE = YES;
				MACOSX_DEPLOYMENT_TARGET = 14.0;
				MTL_ENABLE_DEBUG_INFO = INCLUDE_SOURCE;
				MTL_FAST_MATH = YES;
				ONLY_ACTIVE_ARCH = YES;
				PRODUCT_NAME = "$(TARGET_NAME)";
				SDKROOT = macosx;
				SWIFT_ACTIVE_COMPILATION_CONDITIONS = DEBUG;
				SWIFT_OPTIMIZATION_LEVEL = "-Onone";
				SWIFT_VERSION = 5.0;
			};
			name = Debug;
		};
/* End XCBuildConfiguration section */

/* Begin XCConfigurationList section */
		0F9B39BEC8D47BE2B4226134 /* Build configuration list for PBXNativeTarget "PortIO" */ = {
			isa = XCConfigurationList;
			buildConfigurations = (
				5925CED0502ECECF9B097EBA /* Debug */,
				ACE276744544B4F4108A519B /* Release */,
			);
			defaultConfigurationIsVisible = 0;
			defaultConfigurationName = Debug;
		};
		4A287D1CB3F80B1F117C41CC /* Build configuration list for PBXProject "PortIO" */ = {
			isa = XCConfigurationList;
			buildConfigurations = (
				D343DD9DAB031833DCA401E5 /* Debug */,
				78B9CEF6EACA75B88F4D4729 /* Release */,
			);
			defaultConfigurationIsVisible = 0;
			defaultConfigurationName = Debug;
		};
/* End XCConfigurationList section */

/* Begin XCRemoteSwiftPackageReference section */
		67EE191EB53CCCE182AC413F /* XCRemoteSwiftPackageReference "firebase-ios-sdk" */ = {
			isa = XCRemoteSwiftPackageReference;
			repositoryURL = "https://github.com/firebase/firebase-ios-sdk";
			requirement = {
				kind = upToNextMajorVersion;
				minimumVersion = 11.0.0;
			};
		};
/* End XCRemoteSwiftPackageReference section */

/* Begin XCSwiftPackageProductDependency section */
		0D1FF7FA3E842EBA7A8A0440 /* FirebaseFirestore */ = {
			isa = XCSwiftPackageProductDependency;
			package = 67EE191EB53CCCE182AC413F /* XCRemoteSwiftPackageReference "firebase-ios-sdk" */;
			productName = FirebaseFirestore;
		};
		B17EDC6E8C865ECC26B140E9 /* FirebaseCore */ = {
			isa = XCSwiftPackageProductDependency;
			package = 67EE191EB53CCCE182AC413F /* XCRemoteSwiftPackageReference "firebase-ios-sdk" */;
			productName = FirebaseCore;
		};
/* End XCSwiftPackageProductDependency section */
	};
	rootObject = 3C25B166E04969FCFD2933A0 /* Project object */;
}
